// !$*UTF8*$!
{
	archiveVersion = 1;
	classes = {
	};
	objectVersion = 56;
	objects = {

/* Begin PBXBuildFile section */
		13AA4E3E2A0F8F3900A4F4B3 /* QuizGameApp.swift in Sources */ = {isa = PBXBuildFile; fileRef = 13AA4E3D2A0F8F3900A4F4B3 /* QuizGameApp.swift */; };
		13AA4E422A0F8F3B00A4F4B3 /* Assets.xcassets in Resources */ = {isa = PBXBuildFile; fileRef = 13AA4E412A0F8F3B00A4F4B3 /* Assets.xcassets */; };
		13AA4E452A0F8F3B00A4F4B3 /* Preview Assets.xcassets in Resources */ = {isa = PBXBuildFile; fileRef = 13AA4E442A0F8F3B00A4F4B3 /* Preview Assets.xcassets */; };
		13AA4E4D2A0F914E00A4F4B3 /* Quiz.swift in Sources */ = {isa = PBXBuildFile; fileRef = 13AA4E4C2A0F914E00A4F4B3 /* Quiz.swift */; };
		13AA4E522A0F97E700A4F4B3 /* IndroductionView.swift in Sources */ = {isa = PBXBuildFile; fileRef = 13AA4E512A0F97E700A4F4B3 /* IndroductionView.swift */; };
		13AA4E542A0F980E00A4F4B3 /* QuestionView.swift in Sources */ = {isa = PBXBuildFile; fileRef = 13AA4E532A0F980E00A4F4B3 /* QuestionView.swift */; };
		13AA4E562A0F982200A4F4B3 /* ResultsView.swift in Sources */ = {isa = PBXBuildFile; fileRef = 13AA4E552A0F982200A4F4B3 /* ResultsView.swift */; };
		13AA4E582A0FA04A00A4F4B3 /* Constants.swift in Sources */ = {isa = PBXBuildFile; fileRef = 13AA4E572A0FA04A00A4F4B3 /* Constants.swift */; };
		13AA4E5B2A0FA59900A4F4B3 /* NavigationState.swift in Sources */ = {isa = PBXBuildFile; fileRef = 13AA4E5A2A0FA59900A4F4B3 /* NavigationState.swift */; };
		13AA4E5D2A0FA5AE00A4F4B3 /* Routes.swift in Sources */ = {isa = PBXBuildFile; fileRef = 13AA4E5C2A0FA5AE00A4F4B3 /* Routes.swift */; };
		13AA4E5F2A0FA5FD00A4F4B3 /* MainRouter.swift in Sources */ = {isa = PBXBuildFile; fileRef = 13AA4E5E2A0FA5FD00A4F4B3 /* MainRouter.swift */; };
		13AA4E612A0FB16800A4F4B3 /* CircleIndicator.swift in Sources */ = {isa = PBXBuildFile; fileRef = 13AA4E602A0FB16800A4F4B3 /* CircleIndicator.swift */; };
/* End PBXBuildFile section */

/* Begin PBXFileReference section */
		13AA4E3A2A0F8F3900A4F4B3 /* QuizGame.app */ = {isa = PBXFileReference; explicitFileType = wrapper.application; includeInIndex = 0; path = QuizGame.app; sourceTree = BUILT_PRODUCTS_DIR; };
		13AA4E3D2A0F8F3900A4F4B3 /* QuizGameApp.swift */ = {isa = PBXFileReference; lastKnownFileType = sourcecode.swift; path = QuizGameApp.swift; sourceTree = "<group>"; };
		13AA4E412A0F8F3B00A4F4B3 /* Assets.xcassets */ = {isa = PBXFileReference; lastKnownFileType = folder.assetcatalog; path = Assets.xcassets; sourceTree = "<group>"; };
		13AA4E442A0F8F3B00A4F4B3 /* Preview Assets.xcassets */ = {isa = PBXFileReference; lastKnownFileType = folder.assetcatalog; path = "Preview Assets.xcassets"; sourceTree = "<group>"; };
		13AA4E4C2A0F914E00A4F4B3 /* Quiz.swift */ = {isa = PBXFileReference; lastKnownFileType = sourcecode.swift; path = Quiz.swift; sourceTree = "<group>"; };
		13AA4E512A0F97E700A4F4B3 /* IndroductionView.swift */ = {isa = PBXFileReference; lastKnownFileType = sourcecode.swift; path = IndroductionView.swift; sourceTree = "<group>"; };
		13AA4E532A0F980E00A4F4B3 /* QuestionView.swift */ = {isa = PBXFileReference; lastKnownFileType = sourcecode.swift; path = QuestionView.swift; sourceTree = "<group>"; };
		13AA4E552A0F982200A4F4B3 /* ResultsView.swift */ = {isa = PBXFileReference; lastKnownFileType = sourcecode.swift; path = ResultsView.swift; sourceTree = "<group>"; };
		13AA4E572A0FA04A00A4F4B3 /* Constants.swift */ = {isa = PBXFileReference; lastKnownFileType = sourcecode.swift; path = Constants.swift; sourceTree = "<group>"; };
		13AA4E5A2A0FA59900A4F4B3 /* NavigationState.swift */ = {isa = PBXFileReference; lastKnownFileType = sourcecode.swift; path = NavigationState.swift; sourceTree = "<group>"; };
		13AA4E5C2A0FA5AE00A4F4B3 /* Routes.swift */ = {isa = PBXFileReference; lastKnownFileType = sourcecode.swift; path = Routes.swift; sourceTree = "<group>"; };
		13AA4E5E2A0FA5FD00A4F4B3 /* MainRouter.swift */ = {isa = PBXFileReference; lastKnownFileType = sourcecode.swift; path = MainRouter.swift; sourceTree = "<group>"; };
		13AA4E602A0FB16800A4F4B3 /* CircleIndicator.swift */ = {isa = PBXFileReference; lastKnownFileType = sourcecode.swift; path = CircleIndicator.swift; sourceTree = "<group>"; };
/* End PBXFileReference section */

/* Begin PBXFrameworksBuildPhase section */
		13AA4E372A0F8F3900A4F4B3 /* Frameworks */ = {
			isa = PBXFrameworksBuildPhase;
			buildActionMask = 2147483647;
			files = (
			);
			runOnlyForDeploymentPostprocessing = 0;
		};
/* End PBXFrameworksBuildPhase section */

/* Begin PBXGroup section */
		13AA4E312A0F8F3900A4F4B3 = {
			isa = PBXGroup;
			children = (
				13AA4E3C2A0F8F3900A4F4B3 /* QuizGame */,
				13AA4E3B2A0F8F3900A4F4B3 /* Products */,
			);
			sourceTree = "<group>";
		};
		13AA4E3B2A0F8F3900A4F4B3 /* Products */ = {
			isa = PBXGroup;
			children = (
				13AA4E3A2A0F8F3900A4F4B3 /* QuizGame.app */,
			);
			name = Products;
			sourceTree = "<group>";
		};
		13AA4E3C2A0F8F3900A4F4B3 /* QuizGame */ = {
			isa = PBXGroup;
			children = (
				13AA4E592A0FA58B00A4F4B3 /* Navigation */,
				13AA4E572A0FA04A00A4F4B3 /* Constants.swift */,
				13AA4E4E2A0F97A100A4F4B3 /* Views */,
				13AA4E4B2A0F914200A4F4B3 /* Model */,
				13AA4E3D2A0F8F3900A4F4B3 /* QuizGameApp.swift */,
				13AA4E412A0F8F3B00A4F4B3 /* Assets.xcassets */,
				13AA4E432A0F8F3B00A4F4B3 /* Preview Content */,
			);
			path = QuizGame;
			sourceTree = "<group>";
		};
		13AA4E432A0F8F3B00A4F4B3 /* Preview Content */ = {
			isa = PBXGroup;
			children = (
				13AA4E442A0F8F3B00A4F4B3 /* Preview Assets.xcassets */,
			);
			path = "Preview Content";
			sourceTree = "<group>";
		};
		13AA4E4B2A0F914200A4F4B3 /* Model */ = {
			isa = PBXGroup;
			children = (
				13AA4E4C2A0F914E00A4F4B3 /* Quiz.swift */,
			);
			path = Model;
			sourceTree = "<group>";
		};
		13AA4E4E2A0F97A100A4F4B3 /* Views */ = {
			isa = PBXGroup;
			children = (
				13AA4E512A0F97E700A4F4B3 /* IndroductionView.swift */,
				13AA4E532A0F980E00A4F4B3 /* QuestionView.swift */,
				13AA4E552A0F982200A4F4B3 /* ResultsView.swift */,
				13AA4E602A0FB16800A4F4B3 /* CircleIndicator.swift */,
			);
			path = Views;
			sourceTree = "<group>";
		};
		13AA4E592A0FA58B00A4F4B3 /* Navigation */ = {
			isa = PBXGroup;
			children = (
				13AA4E5A2A0FA59900A4F4B3 /* NavigationState.swift */,
				13AA4E5C2A0FA5AE00A4F4B3 /* Routes.swift */,
				13AA4E5E2A0FA5FD00A4F4B3 /* MainRouter.swift */,
			);
			path = Navigation;
			sourceTree = "<group>";
		};
/* End PBXGroup section */

/* Begin PBXNativeTarget section */
		13AA4E392A0F8F3900A4F4B3 /* QuizGame */ = {
			isa = PBXNativeTarget;
			buildConfigurationList = 13AA4E482A0F8F3B00A4F4B3 /* Build configuration list for PBXNativeTarget "QuizGame" */;
			buildPhases = (
				13AA4E362A0F8F3900A4F4B3 /* Sources */,
				13AA4E372A0F8F3900A4F4B3 /* Frameworks */,
				13AA4E382A0F8F3900A4F4B3 /* Resources */,
			);
			buildRules = (
			);
			dependencies = (
			);
			name = QuizGame;
			productName = QuizGame;
			productReference = 13AA4E3A2A0F8F3900A4F4B3 /* QuizGame.app */;
			productType = "com.apple.product-type.application";
		};
/* End PBXNativeTarget section */

/* Begin PBXProject section */
		13AA4E322A0F8F3900A4F4B3 /* Project object */ = {
			isa = PBXProject;
			attributes = {
				BuildIndependentTargetsInParallel = 1;
				LastSwiftUpdateCheck = 1430;
				LastUpgradeCheck = 1430;
				TargetAttributes = {
					13AA4E392A0F8F3900A4F4B3 = {
						CreatedOnToolsVersion = 14.3;
					};
				};
			};
			buildConfigurationList = 13AA4E352A0F8F3900A4F4B3 /* Build configuration list for PBXProject "QuizGame" */;
			compatibilityVersion = "Xcode 14.0";
			developmentRegion = en;
			hasScannedForEncodings = 0;
			knownRegions = (
				en,
				Base,
			);
			mainGroup = 13AA4E312A0F8F3900A4F4B3;
			productRefGroup = 13AA4E3B2A0F8F3900A4F4B3 /* Products */;
			projectDirPath = "";
			projectRoot = "";
			targets = (
				13AA4E392A0F8F3900A4F4B3 /* QuizGame */,
			);
		};
/* End PBXProject section */

/* Begin PBXResourcesBuildPhase section */
		13AA4E382A0F8F3900A4F4B3 /* Resources */ = {
			isa = PBXResourcesBuildPhase;
			buildActionMask = 2147483647;
			files = (
				13AA4E452A0F8F3B00A4F4B3 /* Preview Assets.xcassets in Resources */,
				13AA4E422A0F8F3B00A4F4B3 /* Assets.xcassets in Resources */,
			);
			runOnlyForDeploymentPostprocessing = 0;
		};
/* End PBXResourcesBuildPhase section */

/* Begin PBXSourcesBuildPhase section */
		13AA4E362A0F8F3900A4F4B3 /* Sources */ = {
			isa = PBXSourcesBuildPhase;
			buildActionMask = 2147483647;
			files = (
				13AA4E542A0F980E00A4F4B3 /* QuestionView.swift in Sources */,
				13AA4E5B2A0FA59900A4F4B3 /* NavigationState.swift in Sources */,
				13AA4E562A0F982200A4F4B3 /* ResultsView.swift in Sources */,
				13AA4E612A0FB16800A4F4B3 /* CircleIndicator.swift in Sources */,
				13AA4E5D2A0FA5AE00A4F4B3 /* Routes.swift in Sources */,
				13AA4E5F2A0FA5FD00A4F4B3 /* MainRouter.swift in Sources */,
				13AA4E3E2A0F8F3900A4F4B3 /* QuizGameApp.swift in Sources */,
				13AA4E582A0FA04A00A4F4B3 /* Constants.swift in Sources */,
				13AA4E522A0F97E700A4F4B3 /* IndroductionView.swift in Sources */,
				13AA4E4D2A0F914E00A4F4B3 /* Quiz.swift in Sources */,
			);
			runOnlyForDeploymentPostprocessing = 0;
		};
/* End PBXSourcesBuildPhase section */

/* Begin XCBuildConfiguration section */
		13AA4E462A0F8F3B00A4F4B3 /* Debug */ = {
			isa = XCBuildConfiguration;
			buildSettings = {
				ALWAYS_SEARCH_USER_PATHS = NO;
				CLANG_ANALYZER_NONNULL = YES;
				CLANG_ANALYZER_NUMBER_OBJECT_CONVERSION = YES_AGGRESSIVE;
				CLANG_CXX_LANGUAGE_STANDARD = "gnu++20";
				CLANG_ENABLE_MODULES = YES;
				CLANG_ENABLE_OBJC_ARC = YES;
				CLANG_ENABLE_OBJC_WEAK = YES;
				CLANG_WARN_BLOCK_CAPTURE_AUTORELEASING = YES;
				CLANG_WARN_BOOL_CONVERSION = YES;
				CLANG_WARN_COMMA = YES;
				CLANG_WARN_CONSTANT_CONVERSION = YES;
				CLANG_WARN_DEPRECATED_OBJC_IMPLEMENTATIONS = YES;
				CLANG_WARN_DIRECT_OBJC_ISA_USAGE = YES_ERROR;
				CLANG_WARN_DOCUMENTATION_COMMENTS = YES;
				CLANG_WARN_EMPTY_BODY = YES;
				CLANG_WARN_ENUM_CONVERSION = YES;
				CLANG_WARN_INFINITE_RECURSION = YES;
				CLANG_WARN_INT_CONVERSION = YES;
				CLANG_WARN_NON_LITERAL_NULL_CONVERSION = YES;
				CLANG_WARN_OBJC_IMPLICIT_RETAIN_SELF = YES;
				CLANG_WARN_OBJC_LITERAL_CONVERSION = YES;
				CLANG_WARN_OBJC_ROOT_CLASS = YES_ERROR;
				CLANG_WARN_QUOTED_INCLUDE_IN_FRAMEWORK_HEADER = YES;
				CLANG_WARN_RANGE_LOOP_ANALYSIS = YES;
				CLANG_WARN_STRICT_PROTOTYPES = YES;
				CLANG_WARN_SUSPICIOUS_MOVE = YES;
				CLANG_WARN_UNGUARDED_AVAILABILITY = YES_AGGRESSIVE;
				CLANG_WARN_UNREACHABLE_CODE = YES;
				CLANG_WARN__DUPLICATE_METHOD_MATCH = YES;
				COPY_PHASE_STRIP = NO;
				DEBUG_INFORMATION_FORMAT = dwarf;
				ENABLE_STRICT_OBJC_MSGSEND = YES;
				ENABLE_TESTABILITY = YES;
				GCC_C_LANGUAGE_STANDARD = gnu11;
				GCC_DYNAMIC_NO_PIC = NO;
				GCC_NO_COMMON_BLOCKS = YES;
				GCC_OPTIMIZATION_LEVEL = 0;
				GCC_PREPROCESSOR_DEFINITIONS = (
					"DEBUG=1",
					"$(inherited)",
				);
				GCC_WARN_64_TO_32_BIT_CONVERSION = YES;
				GCC_WARN_ABOUT_RETURN_TYPE = YES_ERROR;
				GCC_WARN_UNDECLARED_SELECTOR = YES;
				GCC_WARN_UNINITIALIZED_AUTOS = YES_AGGRESSIVE;
				GCC_WARN_UNUSED_FUNCTION = YES;
				GCC_WARN_UNUSED_VARIABLE = YES;
				IPHONEOS_DEPLOYMENT_TARGET = 16.4;
				MTL_ENABLE_DEBUG_INFO = INCLUDE_SOURCE;
				MTL_FAST_MATH = YES;
				ONLY_ACTIVE_ARCH = YES;
				SDKROOT = iphoneos;
				SWIFT_ACTIVE_COMPILATION_CONDITIONS = DEBUG;
				SWIFT_OPTIMIZATION_LEVEL = "-Onone";
			};
			name = Debug;
		};
		13AA4E472A0F8F3B00A4F4B3 /* Release */ = {
			isa = XCBuildConfiguration;
			buildSettings = {
				ALWAYS_SEARCH_USER_PATHS = NO;
				CLANG_ANALYZER_NONNULL = YES;
				CLANG_ANALYZER_NUMBER_OBJECT_CONVERSION = YES_AGGRESSIVE;
				CLANG_CXX_LANGUAGE_STANDARD = "gnu++20";
				CLANG_ENABLE_MODULES = YES;
				CLANG_ENABLE_OBJC_ARC = YES;
				CLANG_ENABLE_OBJC_WEAK = YES;
				CLANG_WARN_BLOCK_CAPTURE_AUTORELEASING = YES;
				CLANG_WARN_BOOL_CONVERSION = YES;
				CLANG_WARN_COMMA = YES;
				CLANG_WARN_CONSTANT_CONVERSION = YES;
				CLANG_WARN_DEPRECATED_OBJC_IMPLEMENTATIONS = YES;
				CLANG_WARN_DIRECT_OBJC_ISA_USAGE = YES_ERROR;
				CLANG_WARN_DOCUMENTATION_COMMENTS = YES;
				CLANG_WARN_EMPTY_BODY = YES;
				CLANG_WARN_ENUM_CONVERSION = YES;
				CLANG_WARN_INFINITE_RECURSION = YES;
				CLANG_WARN_INT_CONVERSION = YES;
				CLANG_WARN_NON_LITERAL_NULL_CONVERSION = YES;
				CLANG_WARN_OBJC_IMPLICIT_RETAIN_SELF = YES;
				CLANG_WARN_OBJC_LITERAL_CONVERSION = YES;
				CLANG_WARN_OBJC_ROOT_CLASS = YES_ERROR;
				CLANG_WARN_QUOTED_INCLUDE_IN_FRAMEWORK_HEADER = YES;
				CLANG_WARN_RANGE_LOOP_ANALYSIS = YES;
				CLANG_WARN_STRICT_PROTOTYPES = YES;
				CLANG_WARN_SUSPICIOUS_MOVE = YES;
				CLANG_WARN_UNGUARDED_AVAILABILITY = YES_AGGRESSIVE;
				CLANG_WARN_UNREACHABLE_CODE = YES;
				CLANG_WARN__DUPLICATE_METHOD_MATCH = YES;
				COPY_PHASE_STRIP = NO;
				DEBUG_INFORMATION_FORMAT = "dwarf-with-dsym";
				ENABLE_NS_ASSERTIONS = NO;
				ENABLE_STRICT_OBJC_MSGSEND = YES;
				GCC_C_LANGUAGE_STANDARD = gnu11;
				GCC_NO_COMMON_BLOCKS = YES;
				GCC_WARN_64_TO_32_BIT_CONVERSION = YES;
				GCC_WARN_ABOUT_RETURN_TYPE = YES_ERROR;
				GCC_WARN_UNDECLARED_SELECTOR = YES;
				GCC_WARN_UNINITIALIZED_AUTOS = YES_AGGRESSIVE;
				GCC_WARN_UNUSED_FUNCTION = YES;
				GCC_WARN_UNUSED_VARIABLE = YES;
				IPHONEOS_DEPLOYMENT_TARGET = 16.4;
				MTL_ENABLE_DEBUG_INFO = NO;
				MTL_FAST_MATH = YES;
				SDKROOT = iphoneos;
				SWIFT_COMPILATION_MODE = wholemodule;
				SWIFT_OPTIMIZATION_LEVEL = "-O";
				VALIDATE_PRODUCT = YES;
			};
			name = Release;
		};
		13AA4E492A0F8F3B00A4F4B3 /* Debug */ = {
			isa = XCBuildConfiguration;
			buildSettings = {
				ASSETCATALOG_COMPILER_APPICON_NAME = AppIcon;
				ASSETCATALOG_COMPILER_GLOBAL_ACCENT_COLOR_NAME = AccentColor;
				CODE_SIGN_STYLE = Automatic;
				CURRENT_PROJECT_VERSION = 1;
				DEVELOPMENT_ASSET_PATHS = "\"QuizGame/Preview Content\"";
				DEVELOPMENT_TEAM = 9AKL82KSN5;
				ENABLE_PREVIEWS = YES;
				GENERATE_INFOPLIST_FILE = YES;
				INFOPLIST_KEY_UIApplicationSceneManifest_Generation = YES;
				INFOPLIST_KEY_UIApplicationSupportsIndirectInputEvents = YES;
				INFOPLIST_KEY_UILaunchScreen_Generation = YES;
				INFOPLIST_KEY_UISupportedInterfaceOrientations_iPad = "UIInterfaceOrientationPortrait UIInterfaceOrientationPortraitUpsideDown UIInterfaceOrientationLandscapeLeft UIInterfaceOrientationLandscapeRight";
				INFOPLIST_KEY_UISupportedInterfaceOrientations_iPhone = "UIInterfaceOrientationPortrait UIInterfaceOrientationLandscapeLeft UIInterfaceOrientationLandscapeRight";
				LD_RUNPATH_SEARCH_PATHS = (
					"$(inherited)",
					"@executable_path/Frameworks",
				);
				MARKETING_VERSION = 1.0;
				PRODUCT_BUNDLE_IDENTIFIER = com.miltenkot.QuizGame;
				PRODUCT_NAME = "$(TARGET_NAME)";
				SWIFT_EMIT_LOC_STRINGS = YES;
				SWIFT_VERSION = 5.0;
				TARGETED_DEVICE_FAMILY = "1,2";
			};
			name = Debug;
		};
		13AA4E4A2A0F8F3B00A4F4B3 /* Release */ = {
			isa = XCBuildConfiguration;
			buildSettings = {
				ASSETCATALOG_COMPILER_APPICON_NAME = AppIcon;
				ASSETCATALOG_COMPILER_GLOBAL_ACCENT_COLOR_NAME = AccentColor;
				CODE_SIGN_STYLE = Automatic;
				CURRENT_PROJECT_VERSION = 1;
				DEVELOPMENT_ASSET_PATHS = "\"QuizGame/Preview Content\"";
				DEVELOPMENT_TEAM = 9AKL82KSN5;
				ENABLE_PREVIEWS = YES;
				GENERATE_INFOPLIST_FILE = YES;
				INFOPLIST_KEY_UIApplicationSceneManifest_Generation = YES;
				INFOPLIST_KEY_UIApplicationSupportsIndirectInputEvents = YES;
				INFOPLIST_KEY_UILaunchScreen_Generation = YES;
				INFOPLIST_KEY_UISupportedInterfaceOrientations_iPad = "UIInterfaceOrientationPortrait UIInterfaceOrientationPortraitUpsideDown UIInterfaceOrientationLandscapeLeft UIInterfaceOrientationLandscapeRight";
				INFOPLIST_KEY_UISupportedInterfaceOrientations_iPhone = "UIInterfaceOrientationPortrait UIInterfaceOrientationLandscapeLeft UIInterfaceOrientationLandscapeRight";
				LD_RUNPATH_SEARCH_PATHS = (
					"$(inherited)",
					"@executable_path/Frameworks",
				);
				MARKETING_VERSION = 1.0;
				PRODUCT_BUNDLE_IDENTIFIER = com.miltenkot.QuizGame;
				PRODUCT_NAME = "$(TARGET_NAME)";
				SWIFT_EMIT_LOC_STRINGS = YES;
				SWIFT_VERSION = 5.0;
				TARGETED_DEVICE_FAMILY = "1,2";
			};
			name = Release;
		};
/* End XCBuildConfiguration section */

/* Begin XCConfigurationList section */
		13AA4E352A0F8F3900A4F4B3 /* Build configuration list for PBXProject "QuizGame" */ = {
			isa = XCConfigurationList;
			buildConfigurations = (
				13AA4E462A0F8F3B00A4F4B3 /* Debug */,
				13AA4E472A0F8F3B00A4F4B3 /* Release */,
			);
			defaultConfigurationIsVisible = 0;
			defaultConfigurationName = Release;
		};
		13AA4E482A0F8F3B00A4F4B3 /* Build configuration list for PBXNativeTarget "QuizGame" */ = {
			isa = XCConfigurationList;
			buildConfigurations = (
				13AA4E492A0F8F3B00A4F4B3 /* Debug */,
				13AA4E4A2A0F8F3B00A4F4B3 /* Release */,
			);
			defaultConfigurationIsVisible = 0;
			defaultConfigurationName = Release;
		};
/* End XCConfigurationList section */
	};
	rootObject = 13AA4E322A0F8F3900A4F4B3 /* Project object */;
}
